// !$*UTF8*$!
{
	archiveVersion = 1;
	classes = {
	};
	objectVersion = 46;
	objects = {

/* Begin PBXBuildFile section */
		3E133ABF1C17F4A900A3BB8A /* ABCollectionViewCell.swift in Sources */ = {isa = PBXBuildFile; fileRef = 3E133ABE1C17F4A800A3BB8A /* ABCollectionViewCell.swift */; };
		3E133AC91C18211100A3BB8A /* PhotoLibrary.framework in Frameworks */ = {isa = PBXBuildFile; fileRef = 3E133AC81C18211100A3BB8A /* PhotoLibrary.framework */; };
		3E42EB921C1134AB00E1DB1A /* AppDelegate.swift in Sources */ = {isa = PBXBuildFile; fileRef = 3E42EB911C1134AB00E1DB1A /* AppDelegate.swift */; };
		3E42EB941C1134AB00E1DB1A /* ViewController.swift in Sources */ = {isa = PBXBuildFile; fileRef = 3E42EB931C1134AB00E1DB1A /* ViewController.swift */; };
		3E42EB971C1134AB00E1DB1A /* Main.storyboard in Resources */ = {isa = PBXBuildFile; fileRef = 3E42EB951C1134AB00E1DB1A /* Main.storyboard */; };
		3E42EB991C1134AB00E1DB1A /* Assets.xcassets in Resources */ = {isa = PBXBuildFile; fileRef = 3E42EB981C1134AB00E1DB1A /* Assets.xcassets */; };
		3E42EB9C1C1134AB00E1DB1A /* LaunchScreen.storyboard in Resources */ = {isa = PBXBuildFile; fileRef = 3E42EB9A1C1134AB00E1DB1A /* LaunchScreen.storyboard */; };
		3E42EBA41C11352500E1DB1A /* ABHomeViewController.swift in Sources */ = {isa = PBXBuildFile; fileRef = 3E42EBA31C11352500E1DB1A /* ABHomeViewController.swift */; };
		3EA1E6951C16D25A00592A10 /* ABCategoryCell.swift in Sources */ = {isa = PBXBuildFile; fileRef = 3EA1E6941C16D25A00592A10 /* ABCategoryCell.swift */; };
		3EA1E6971C16DA5400592A10 /* ABCollectionViewController.swift in Sources */ = {isa = PBXBuildFile; fileRef = 3EA1E6961C16DA5400592A10 /* ABCollectionViewController.swift */; };
		3EC0A1EF1C44D9CD00945F45 /* GLImage.swift in Sources */ = {isa = PBXBuildFile; fileRef = 3EC0A1EE1C44D9CD00945F45 /* GLImage.swift */; };
		9D267886A443A9FF52D87202 /* Pods.framework in Frameworks */ = {isa = PBXBuildFile; fileRef = 8E2BAFC45F800C862677C88A /* Pods.framework */; };
/* End PBXBuildFile section */

/* Begin PBXFileReference section */
		3E133ABE1C17F4A800A3BB8A /* ABCollectionViewCell.swift */ = {isa = PBXFileReference; fileEncoding = 4; lastKnownFileType = sourcecode.swift; path = ABCollectionViewCell.swift; sourceTree = "<group>"; };
		3E133AC21C181C1500A3BB8A /* WallPaper-Bridging-Header.h */ = {isa = PBXFileReference; lastKnownFileType = sourcecode.c.h; path = "WallPaper-Bridging-Header.h"; sourceTree = "<group>"; };
		3E133AC61C18204A00A3BB8A /* PhotoLibrary.framework */ = {isa = PBXFileReference; lastKnownFileType = wrapper.framework; name = PhotoLibrary.framework; path = ../../PhotoLibrary.framework; sourceTree = "<group>"; };
		3E133AC81C18211100A3BB8A /* PhotoLibrary.framework */ = {isa = PBXFileReference; lastKnownFileType = wrapper.framework; name = PhotoLibrary.framework; path = Platforms/iPhoneOS.platform/Developer/SDKs/iPhoneOS.sdk/System/Library/PrivateFrameworks/PhotoLibrary.framework; sourceTree = DEVELOPER_DIR; };
		3E42EB8E1C1134AB00E1DB1A /* WallPaper.app */ = {isa = PBXFileReference; explicitFileType = wrapper.application; includeInIndex = 0; path = WallPaper.app; sourceTree = BUILT_PRODUCTS_DIR; };
		3E42EB911C1134AB00E1DB1A /* AppDelegate.swift */ = {isa = PBXFileReference; lastKnownFileType = sourcecode.swift; path = AppDelegate.swift; sourceTree = "<group>"; };
		3E42EB931C1134AB00E1DB1A /* ViewController.swift */ = {isa = PBXFileReference; lastKnownFileType = sourcecode.swift; path = ViewController.swift; sourceTree = "<group>"; };
		3E42EB961C1134AB00E1DB1A /* Base */ = {isa = PBXFileReference; lastKnownFileType = file.storyboard; name = Base; path = Base.lproj/Main.storyboard; sourceTree = "<group>"; };
		3E42EB981C1134AB00E1DB1A /* Assets.xcassets */ = {isa = PBXFileReference; lastKnownFileType = folder.assetcatalog; path = Assets.xcassets; sourceTree = "<group>"; };
		3E42EB9B1C1134AB00E1DB1A /* Base */ = {isa = PBXFileReference; lastKnownFileType = file.storyboard; name = Base; path = Base.lproj/LaunchScreen.storyboard; sourceTree = "<group>"; };
		3E42EB9D1C1134AB00E1DB1A /* Info.plist */ = {isa = PBXFileReference; lastKnownFileType = text.plist.xml; path = Info.plist; sourceTree = "<group>"; };
		3E42EBA31C11352500E1DB1A /* ABHomeViewController.swift */ = {isa = PBXFileReference; fileEncoding = 4; lastKnownFileType = sourcecode.swift; path = ABHomeViewController.swift; sourceTree = "<group>"; };
		3EA1E6941C16D25A00592A10 /* ABCategoryCell.swift */ = {isa = PBXFileReference; fileEncoding = 4; lastKnownFileType = sourcecode.swift; path = ABCategoryCell.swift; sourceTree = "<group>"; };
		3EA1E6961C16DA5400592A10 /* ABCollectionViewController.swift */ = {isa = PBXFileReference; fileEncoding = 4; lastKnownFileType = sourcecode.swift; path = ABCollectionViewController.swift; sourceTree = "<group>"; };
		3EC0A1EE1C44D9CD00945F45 /* GLImage.swift */ = {isa = PBXFileReference; fileEncoding = 4; lastKnownFileType = sourcecode.swift; path = GLImage.swift; sourceTree = "<group>"; };
		4DDFBCDDCC988C3BA4247911 /* Pods.debug.xcconfig */ = {isa = PBXFileReference; includeInIndex = 1; lastKnownFileType = text.xcconfig; name = Pods.debug.xcconfig; path = "Pods/Target Support Files/Pods/Pods.debug.xcconfig"; sourceTree = "<group>"; };
		8E2BAFC45F800C862677C88A /* Pods.framework */ = {isa = PBXFileReference; explicitFileType = wrapper.framework; includeInIndex = 0; path = Pods.framework; sourceTree = BUILT_PRODUCTS_DIR; };
		9F22751F097972D7B566BCB3 /* Pods.release.xcconfig */ = {isa = PBXFileReference; includeInIndex = 1; lastKnownFileType = text.xcconfig; name = Pods.release.xcconfig; path = "Pods/Target Support Files/Pods/Pods.release.xcconfig"; sourceTree = "<group>"; };
/* End PBXFileReference section */

/* Begin PBXFrameworksBuildPhase section */
		3E42EB8B1C1134AB00E1DB1A /* Frameworks */ = {
			isa = PBXFrameworksBuildPhase;
			buildActionMask = 2147483647;
			files = (
				9D267886A443A9FF52D87202 /* Pods.framework in Frameworks */,
				3E133AC91C18211100A3BB8A /* PhotoLibrary.framework in Frameworks */,
			);
			runOnlyForDeploymentPostprocessing = 0;
		};
/* End PBXFrameworksBuildPhase section */

/* Begin PBXGroup section */
		3E42EB851C1134AB00E1DB1A = {
			isa = PBXGroup;
			children = (
				3E133AC81C18211100A3BB8A /* PhotoLibrary.framework */,
				3E42EB901C1134AB00E1DB1A /* WallPaper */,
				3E42EB8F1C1134AB00E1DB1A /* Products */,
				EAC8EFC3BF59F29F1DB45D97 /* Pods */,
				3F4B1FB47762474388844F4A /* Frameworks */,
			);
			sourceTree = "<group>";
		};
		3E42EB8F1C1134AB00E1DB1A /* Products */ = {
			isa = PBXGroup;
			children = (
				3E42EB8E1C1134AB00E1DB1A /* WallPaper.app */,
			);
			name = Products;
			sourceTree = "<group>";
		};
		3E42EB901C1134AB00E1DB1A /* WallPaper */ = {
			isa = PBXGroup;
			children = (
				3E42EB911C1134AB00E1DB1A /* AppDelegate.swift */,
				3E42EB931C1134AB00E1DB1A /* ViewController.swift */,
				3E42EBA31C11352500E1DB1A /* ABHomeViewController.swift */,
				3EA1E6941C16D25A00592A10 /* ABCategoryCell.swift */,
				3EA1E6961C16DA5400592A10 /* ABCollectionViewController.swift */,
				3E133ABE1C17F4A800A3BB8A /* ABCollectionViewCell.swift */,
				3EC0A1EE1C44D9CD00945F45 /* GLImage.swift */,
				3E42EB951C1134AB00E1DB1A /* Main.storyboard */,
				3E42EB981C1134AB00E1DB1A /* Assets.xcassets */,
				3E42EB9A1C1134AB00E1DB1A /* LaunchScreen.storyboard */,
				3E42EB9D1C1134AB00E1DB1A /* Info.plist */,
				3E133AC21C181C1500A3BB8A /* WallPaper-Bridging-Header.h */,
			);
			path = WallPaper;
			sourceTree = "<group>";
		};
		3F4B1FB47762474388844F4A /* Frameworks */ = {
			isa = PBXGroup;
			children = (
				3E133AC61C18204A00A3BB8A /* PhotoLibrary.framework */,
				8E2BAFC45F800C862677C88A /* Pods.framework */,
			);
			name = Frameworks;
			sourceTree = "<group>";
		};
		EAC8EFC3BF59F29F1DB45D97 /* Pods */ = {
			isa = PBXGroup;
			children = (
				4DDFBCDDCC988C3BA4247911 /* Pods.debug.xcconfig */,
				9F22751F097972D7B566BCB3 /* Pods.release.xcconfig */,
			);
			name = Pods;
			sourceTree = "<group>";
		};
/* End PBXGroup section */

/* Begin PBXNativeTarget section */
		3E42EB8D1C1134AB00E1DB1A /* WallPaper */ = {
			isa = PBXNativeTarget;
			buildConfigurationList = 3E42EBA01C1134AB00E1DB1A /* Build configuration list for PBXNativeTarget "WallPaper" */;
			buildPhases = (
				C2E9F2027B0B1AD16065742B /* Check Pods Manifest.lock */,
				3E42EB8A1C1134AB00E1DB1A /* Sources */,
				3E42EB8B1C1134AB00E1DB1A /* Frameworks */,
				3E42EB8C1C1134AB00E1DB1A /* Resources */,
				56C23D521375C88B62DF47E4 /* Embed Pods Frameworks */,
				43DA00C4D3EC2ABB430E9B94 /* Copy Pods Resources */,
			);
			buildRules = (
			);
			dependencies = (
			);
			name = WallPaper;
			productName = WallPaper;
			productReference = 3E42EB8E1C1134AB00E1DB1A /* WallPaper.app */;
			productType = "com.apple.product-type.application";
		};
/* End PBXNativeTarget section */

/* Begin PBXProject section */
		3E42EB861C1134AB00E1DB1A /* Project object */ = {
			isa = PBXProject;
			attributes = {
				LastSwiftUpdateCheck = 0710;
				LastUpgradeCheck = 0710;
				ORGANIZATIONNAME = AB;
				TargetAttributes = {
					3E42EB8D1C1134AB00E1DB1A = {
						CreatedOnToolsVersion = 7.1.1;
						DevelopmentTeam = S8VB6E7QGB;
					};
				};
			};
			buildConfigurationList = 3E42EB891C1134AB00E1DB1A /* Build configuration list for PBXProject "WallPaper" */;
			compatibilityVersion = "Xcode 3.2";
			developmentRegion = English;
			hasScannedForEncodings = 0;
			knownRegions = (
				en,
				Base,
			);
			mainGroup = 3E42EB851C1134AB00E1DB1A;
			productRefGroup = 3E42EB8F1C1134AB00E1DB1A /* Products */;
			projectDirPath = "";
			projectRoot = "";
			targets = (
				3E42EB8D1C1134AB00E1DB1A /* WallPaper */,
			);
		};
/* End PBXProject section */

/* Begin PBXResourcesBuildPhase section */
		3E42EB8C1C1134AB00E1DB1A /* Resources */ = {
			isa = PBXResourcesBuildPhase;
			buildActionMask = 2147483647;
			files = (
				3E42EB9C1C1134AB00E1DB1A /* LaunchScreen.storyboard in Resources */,
				3E42EB991C1134AB00E1DB1A /* Assets.xcassets in Resources */,
				3E42EB971C1134AB00E1DB1A /* Main.storyboard in Resources */,
			);
			runOnlyForDeploymentPostprocessing = 0;
		};
/* End PBXResourcesBuildPhase section */

/* Begin PBXShellScriptBuildPhase section */
		43DA00C4D3EC2ABB430E9B94 /* Copy Pods Resources */ = {
			isa = PBXShellScriptBuildPhase;
			buildActionMask = 2147483647;
			files = (
			);
			inputPaths = (
			);
			name = "Copy Pods Resources";
			outputPaths = (
			);
			runOnlyForDeploymentPostprocessing = 0;
			shellPath = /bin/sh;
			shellScript = "\"${SRCROOT}/Pods/Target Support Files/Pods/Pods-resources.sh\"\n";
			showEnvVarsInLog = 0;
		};
		56C23D521375C88B62DF47E4 /* Embed Pods Frameworks */ = {
			isa = PBXShellScriptBuildPhase;
			buildActionMask = 2147483647;
			files = (
			);
			inputPaths = (
			);
			name = "Embed Pods Frameworks";
			outputPaths = (
			);
			runOnlyForDeploymentPostprocessing = 0;
			shellPath = /bin/sh;
			shellScript = "\"${SRCROOT}/Pods/Target Support Files/Pods/Pods-frameworks.sh\"\n";
			showEnvVarsInLog = 0;
		};
		C2E9F2027B0B1AD16065742B /* Check Pods Manifest.lock */ = {
			isa = PBXShellScriptBuildPhase;
			buildActionMask = 2147483647;
			files = (
			);
			inputPaths = (
			);
			name = "Check Pods Manifest.lock";
			outputPaths = (
			);
			runOnlyForDeploymentPostprocessing = 0;
			shellPath = /bin/sh;
			shellScript = "diff \"${PODS_ROOT}/../Podfile.lock\" \"${PODS_ROOT}/Manifest.lock\" > /dev/null\nif [[ $? != 0 ]] ; then\n    cat << EOM\nerror: The sandbox is not in sync with the Podfile.lock. Run 'pod install' or update your CocoaPods installation.\nEOM\n    exit 1\nfi\n";
			showEnvVarsInLog = 0;
		};
/* End PBXShellScriptBuildPhase section */

/* Begin PBXSourcesBuildPhase section */
		3E42EB8A1C1134AB00E1DB1A /* Sources */ = {
			isa = PBXSourcesBuildPhase;
			buildActionMask = 2147483647;
			files = (
				3EA1E6951C16D25A00592A10 /* ABCategoryCell.swift in Sources */,
				3E133ABF1C17F4A900A3BB8A /* ABCollectionViewCell.swift in Sources */,
				3E42EBA41C11352500E1DB1A /* ABHomeViewController.swift in Sources */,
				3E42EB941C1134AB00E1DB1A /* ViewController.swift in Sources */,
				3EA1E6971C16DA5400592A10 /* ABCollectionViewController.swift in Sources */,
				3E42EB921C1134AB00E1DB1A /* AppDelegate.swift in Sources */,
				3EC0A1EF1C44D9CD00945F45 /* GLImage.swift in Sources */,
			);
			runOnlyForDeploymentPostprocessing = 0;
		};
/* End PBXSourcesBuildPhase section */

/* Begin PBXVariantGroup section */
		3E42EB951C1134AB00E1DB1A /* Main.storyboard */ = {
			isa = PBXVariantGroup;
			children = (
				3E42EB961C1134AB00E1DB1A /* Base */,
			);
			name = Main.storyboard;
			sourceTree = "<group>";
		};
		3E42EB9A1C1134AB00E1DB1A /* LaunchScreen.storyboard */ = {
			isa = PBXVariantGroup;
			children = (
				3E42EB9B1C1134AB00E1DB1A /* Base */,
			);
			name = LaunchScreen.storyboard;
			sourceTree = "<group>";
		};
/* End PBXVariantGroup section */

/* Begin XCBuildConfiguration section */
		3E42EB9E1C1134AB00E1DB1A /* Debug */ = {
			isa = XCBuildConfiguration;
			buildSettings = {
				ALWAYS_SEARCH_USER_PATHS = NO;
				CLANG_CXX_LANGUAGE_STANDARD = "gnu++0x";
				CLANG_CXX_LIBRARY = "libc++";
				CLANG_ENABLE_MODULES = YES;
				CLANG_ENABLE_OBJC_ARC = YES;
				CLANG_WARN_BOOL_CONVERSION = YES;
				CLANG_WARN_CONSTANT_CONVERSION = YES;
				CLANG_WARN_DIRECT_OBJC_ISA_USAGE = YES_ERROR;
				CLANG_WARN_EMPTY_BODY = YES;
				CLANG_WARN_ENUM_CONVERSION = YES;
				CLANG_WARN_INT_CONVERSION = YES;
				CLANG_WARN_OBJC_ROOT_CLASS = YES_ERROR;
				CLANG_WARN_UNREACHABLE_CODE = YES;
				CLANG_WARN__DUPLICATE_METHOD_MATCH = YES;
				"CODE_SIGN_IDENTITY[sdk=iphoneos*]" = "iPhone Developer";
				COPY_PHASE_STRIP = NO;
				DEBUG_INFORMATION_FORMAT = dwarf;
				ENABLE_STRICT_OBJC_MSGSEND = YES;
				ENABLE_TESTABILITY = YES;
				GCC_C_LANGUAGE_STANDARD = gnu99;
				GCC_DYNAMIC_NO_PIC = NO;
				GCC_NO_COMMON_BLOCKS = YES;
				GCC_OPTIMIZATION_LEVEL = 0;
				GCC_PREPROCESSOR_DEFINITIONS = (
					"DEBUG=1",
					"$(inherited)",
				);
				GCC_WARN_64_TO_32_BIT_CONVERSION = YES;
				GCC_WARN_ABOUT_RETURN_TYPE = YES_ERROR;
				GCC_WARN_UNDECLARED_SELECTOR = YES;
				GCC_WARN_UNINITIALIZED_AUTOS = YES_AGGRESSIVE;
				GCC_WARN_UNUSED_FUNCTION = YES;
				GCC_WARN_UNUSED_VARIABLE = YES;
				IPHONEOS_DEPLOYMENT_TARGET = 9.1;
				MTL_ENABLE_DEBUG_INFO = YES;
				ONLY_ACTIVE_ARCH = YES;
				SDKROOT = iphoneos;
				SWIFT_OPTIMIZATION_LEVEL = "-Onone";
			};
			name = Debug;
		};
		3E42EB9F1C1134AB00E1DB1A /* Release */ = {
			isa = XCBuildConfiguration;
			buildSettings = {
				ALWAYS_SEARCH_USER_PATHS = NO;
				CLANG_CXX_LANGUAGE_STANDARD = "gnu++0x";
				CLANG_CXX_LIBRARY = "libc++";
				CLANG_ENABLE_MODULES = YES;
				CLANG_ENABLE_OBJC_ARC = YES;
				CLANG_WARN_BOOL_CONVERSION = YES;
				CLANG_WARN_CONSTANT_CONVERSION = YES;
				CLANG_WARN_DIRECT_OBJC_ISA_USAGE = YES_ERROR;
				CLANG_WARN_EMPTY_BODY = YES;
				CLANG_WARN_ENUM_CONVERSION = YES;
				CLANG_WARN_INT_CONVERSION = YES;
				CLANG_WARN_OBJC_ROOT_CLASS = YES_ERROR;
				CLANG_WARN_UNREACHABLE_CODE = YES;
				CLANG_WARN__DUPLICATE_METHOD_MATCH = YES;
				"CODE_SIGN_IDENTITY[sdk=iphoneos*]" = "iPhone Developer";
				COPY_PHASE_STRIP = NO;
				DEBUG_INFORMATION_FORMAT = "dwarf-with-dsym";
				ENABLE_NS_ASSERTIONS = NO;
				ENABLE_STRICT_OBJC_MSGSEND = YES;
				GCC_C_LANGUAGE_STANDARD = gnu99;
				GCC_NO_COMMON_BLOCKS = YES;
				GCC_WARN_64_TO_32_BIT_CONVERSION = YES;
				GCC_WARN_ABOUT_RETURN_TYPE = YES_ERROR;
				GCC_WARN_UNDECLARED_SELECTOR = YES;
				GCC_WARN_UNINITIALIZED_AUTOS = YES_AGGRESSIVE;
				GCC_WARN_UNUSED_FUNCTION = YES;
				GCC_WARN_UNUSED_VARIABLE = YES;
				IPHONEOS_DEPLOYMENT_TARGET = 9.1;
				MTL_ENABLE_DEBUG_INFO = NO;
				SDKROOT = iphoneos;
				VALIDATE_PRODUCT = YES;
			};
			name = Release;
		};
		3E42EBA11C1134AB00E1DB1A /* Debug */ = {
			isa = XCBuildConfiguration;
			baseConfigurationReference = 4DDFBCDDCC988C3BA4247911 /* Pods.debug.xcconfig */;
			buildSettings = {
				ASSETCATALOG_COMPILER_APPICON_NAME = AppIcon;
				CLANG_ENABLE_MODULES = YES;
				CODE_SIGN_IDENTITY = "iPhone Developer";
				"CODE_SIGN_IDENTITY[sdk=iphoneos*]" = "iPhone Developer";
				FRAMEWORK_SEARCH_PATHS = "$(SDKROOT)$(SYSTEM_LIBRARY_DIR)/PrivateFrameworks";
				INFOPLIST_FILE = WallPaper/Info.plist;
				LD_RUNPATH_SEARCH_PATHS = "$(inherited) @executable_path/Frameworks";
				PRODUCT_BUNDLE_IDENTIFIER = com.aprilbrother.WallPaper;
				PRODUCT_NAME = "$(TARGET_NAME)";
				PROVISIONING_PROFILE = "";
				SWIFT_OBJC_BRIDGING_HEADER = "WallPaper/WallPaper-Bridging-Header.h";
				SWIFT_OPTIMIZATION_LEVEL = "-Onone";
			};
			name = Debug;
		};
		3E42EBA21C1134AB00E1DB1A /* Release */ = {
			isa = XCBuildConfiguration;
			baseConfigurationReference = 9F22751F097972D7B566BCB3 /* Pods.release.xcconfig */;
			buildSettings = {
				ASSETCATALOG_COMPILER_APPICON_NAME = AppIcon;
				CLANG_ENABLE_MODULES = YES;
				CODE_SIGN_IDENTITY = "iPhone Developer";
				"CODE_SIGN_IDENTITY[sdk=iphoneos*]" = "iPhone Developer";
				FRAMEWORK_SEARCH_PATHS = "$(SDKROOT)$(SYSTEM_LIBRARY_DIR)/PrivateFrameworks";
				INFOPLIST_FILE = WallPaper/Info.plist;
				LD_RUNPATH_SEARCH_PATHS = "$(inherited) @executable_path/Frameworks";
				PRODUCT_BUNDLE_IDENTIFIER = com.aprilbrother.WallPaper;
				PRODUCT_NAME = "$(TARGET_NAME)";
				PROVISIONING_PROFILE = "";
				SWIFT_OBJC_BRIDGING_HEADER = "WallPaper/WallPaper-Bridging-Header.h";
			};
			name = Release;
		};
/* End XCBuildConfiguration section */

/* Begin XCConfigurationList section */
		3E42EB891C1134AB00E1DB1A /* Build configuration list for PBXProject "WallPaper" */ = {
			isa = XCConfigurationList;
			buildConfigurations = (
				3E42EB9E1C1134AB00E1DB1A /* Debug */,
				3E42EB9F1C1134AB00E1DB1A /* Release */,
			);
			defaultConfigurationIsVisible = 0;
			defaultConfigurationName = Release;
		};
		3E42EBA01C1134AB00E1DB1A /* Build configuration list for PBXNativeTarget "WallPaper" */ = {
			isa = XCConfigurationList;
			buildConfigurations = (
				3E42EBA11C1134AB00E1DB1A /* Debug */,
				3E42EBA21C1134AB00E1DB1A /* Release */,
			);
			defaultConfigurationIsVisible = 0;
			defaultConfigurationName = Release;
		};
/* End XCConfigurationList section */
	};
	rootObject = 3E42EB861C1134AB00E1DB1A /* Project object */;
}
